
Microsoft Visual Studio Solution File, Format Version 12.00
# Visual Studio 2013
VisualStudioVersion = 12.0.21005.1
MinimumVisualStudioVersion = 10.0.40219.1
Project("{8BC9CEB8-8B4A-11D0-8D11-00A0C91BC942}") = "M3Host", "M3Host\M3Host.vcxproj", "{3070B3E8-D261-490D-B79D-72F14FEB5DEB}"
EndProject
Project("{8BC9CEB8-8B4A-11D0-8D11-00A0C91BC942}") = "libCommunication", "Framework\libCommunication\libCommunication.vcxproj", "{9E89C9BD-92D5-46A6-B7AB-B59A0DDFB391}"
EndProject
Project("{8BC9CEB8-8B4A-11D0-8D11-00A0C91BC942}") = "libLogConfigTime", "Framework\libLogConfigTime\libLogConfigTime.vcxproj", "{8927A516-DE0F-4550-AE3F-14876252F716}"
EndProject
Project("{8BC9CEB8-8B4A-11D0-8D11-00A0C91BC942}") = "libPlatformSpecifics", "Framework\libPlatformSpecifics\libPlatformSpecifics.vcxproj", "{5C2ABDC3-6E47-40C0-80A1-A020F188F756}"
EndProject
Project("{8BC9CEB8-8B4A-11D0-8D11-00A0C91BC942}") = "lib3dWorld", "Tracking\lib3dWorld\lib3dWorld.vcxproj", "{F0B1D97E-EC76-4EB1-8421-F73CF5881A69}"
EndProject
Project("{8BC9CEB8-8B4A-11D0-8D11-00A0C91BC942}") = "libCameraAbstraction", "Framework\libCameraAbstraction\libCameraAbstraction.vcxproj", "{A3E85482-DB13-4D6A-8DEC-C07B6F29AAC7}"
EndProject
Global
	GlobalSection(SolutionConfigurationPlatforms) = preSolution
		Debug|Win32 = Debug|Win32
		Release|Win32 = Release|Win32
	EndGlobalSection
	GlobalSection(ProjectConfigurationPlatforms) = postSolution
		{3070B3E8-D261-490D-B79D-72F14FEB5DEB}.Debug|Win32.ActiveCfg = Debug|Win32
		{3070B3E8-D261-490D-B79D-72F14FEB5DEB}.Debug|Win32.Build.0 = Debug|Win32
		{3070B3E8-D261-490D-B79D-72F14FEB5DEB}.Release|Win32.ActiveCfg = Release|Win32
		{3070B3E8-D261-490D-B79D-72F14FEB5DEB}.Release|Win32.Build.0 = Release|Win32
		{9E89C9BD-92D5-46A6-B7AB-B59A0DDFB391}.Debug|Win32.ActiveCfg = Debug|Win32
		{9E89C9BD-92D5-46A6-B7AB-B59A0DDFB391}.Debug|Win32.Build.0 = Debug|Win32
		{9E89C9BD-92D5-46A6-B7AB-B59A0DDFB391}.Release|Win32.ActiveCfg = Release|Win32
		{9E89C9BD-92D5-46A6-B7AB-B59A0DDFB391}.Release|Win32.Build.0 = Release|Win32
		{8927A516-DE0F-4550-AE3F-14876252F716}.Debug|Win32.ActiveCfg = Debug|Win32
		{8927A516-DE0F-4550-AE3F-14876252F716}.Debug|Win32.Build.0 = Debug|Win32
		{8927A516-DE0F-4550-AE3F-14876252F716}.Release|Win32.ActiveCfg = Release|Win32
		{8927A516-DE0F-4550-AE3F-14876252F716}.Release|Win32.Build.0 = Release|Win32
		{5C2ABDC3-6E47-40C0-80A1-A020F188F756}.Debug|Win32.ActiveCfg = Debug|Win32
		{5C2ABDC3-6E47-40C0-80A1-A020F188F756}.Debug|Win32.Build.0 = Debug|Win32
		{5C2ABDC3-6E47-40C0-80A1-A020F188F756}.Release|Win32.ActiveCfg = Release|Win32
		{5C2ABDC3-6E47-40C0-80A1-A020F188F756}.Release|Win32.Build.0 = Release|Win32
		{F0B1D97E-EC76-4EB1-8421-F73CF5881A69}.Debug|Win32.ActiveCfg = Debug|Win32
		{F0B1D97E-EC76-4EB1-8421-F73CF5881A69}.Debug|Win32.Build.0 = Debug|Win32
		{F0B1D97E-EC76-4EB1-8421-F73CF5881A69}.Release|Win32.ActiveCfg = Release|Win32
		{F0B1D97E-EC76-4EB1-8421-F73CF5881A69}.Release|Win32.Build.0 = Release|Win32
		{A3E85482-DB13-4D6A-8DEC-C07B6F29AAC7}.Debug|Win32.ActiveCfg = Debug|Win32
		{A3E85482-DB13-4D6A-8DEC-C07B6F29AAC7}.Debug|Win32.Build.0 = Debug|Win32
		{A3E85482-DB13-4D6A-8DEC-C07B6F29AAC7}.Release|Win32.ActiveCfg = Release|Win32
		{A3E85482-DB13-4D6A-8DEC-C07B6F29AAC7}.Release|Win32.Build.0 = Release|Win32
	EndGlobalSection
	GlobalSection(SolutionProperties) = preSolution
		HideSolutionNode = FALSE
	EndGlobalSection
EndGlobal
